{
  "name": "dokke",
  "version": "0.2.8",
  "lockfileVersion": 3,
  "requires": true,
  "packages": {
    "": {
      "name": "dokke",
      "version": "0.2.8",
      "dependencies": {
        "ws": "^8.21.1"
      },
      "devDependencies": {
        "playwright": "^1.62.1"
      },
      "engines": {
        "node": ">=20"
      },
      "optionalDependencies": {
        "ds-store": "^0.1.6"
      }
    },
    "node_modules/bplist-creator": {
      "version": "0.0.8",
      "resolved": "https://registry.npmjs.org/bplist-creator/-/bplist-creator-0.0.8.tgz",
      "integrity": "sha512-Za9JKzD6fjLC16oX2wsXfc+qBEhJBJB1YPInoAQpMLhDuj5aVOv1baGeIQSq1Fr3OCqzvsoQcSBSwGId/Ja2PA==",
      "license": "MIT",
      "optional": true,
      "dependencies": {
        "stream-buffers": "~2.2.0"
      }
    },
    "node_modules/ds-store": {
      "version": "0.1.6",
      "resolved": "https://registry.npmjs.org/ds-store/-/ds-store-0.1.6.tgz",
      "integrity": "sha512-kY21M6Lz+76OS3bnCzjdsJSF7LBpLYGCVfavW8TgQD2XkcqIZ86W0y9qUDZu6fp7SIZzqosMDW2zi7zVFfv4hw==",
      "license": "MIT",
      "optional": true,
      "dependencies": {
        "bplist-creator": "~0.0.3",
        "macos-alias": "~0.2.5",
        "tn1150": "^0.1.0"
      }
    },
    "node_modules/fsevents": {
      "version": "2.3.2",
      "resolved": "https://registry.npmjs.org/fsevents/-/fsevents-2.3.2.tgz",
      "integrity": "sha512-xiqMQR4xAeHTuB9uWm+fFRcIOgKBMiOBP+eXiyT7jsgVCq1bkVygt00oASowB7EdtpOHaaPgKt812P9ab+DDKA==",
      "dev": true,
      "hasInstallScript": true,
      "license": "MIT",
      "optional": true,
      "os": [
        "darwin"
      ],
      "engines": {
        "node": "^8.16.0 || ^10.6.0 || >=11.0.0"
      }
    },
    "node_modules/macos-alias": {
      "version": "0.2.12",
      "resolved": "https://registry.npmjs.org/macos-alias/-/macos-alias-0.2.12.tgz",
      "integrity": "sha512-yiLHa7cfJcGRFq4FrR4tMlpNHb4Vy4mWnpajlSSIFM5k4Lv8/7BbbDLzCAVogWNl0LlLhizRp1drXv0hK9h0Yw==",
      "hasInstallScript": true,
      "license": "MIT",
      "optional": true,
      "os": [
        "darwin"
      ],
      "dependencies": {
        "nan": "^2.4.0"
      }
    },
    "node_modules/nan": {
      "version": "2.28.0",
      "resolved": "https://registry.npmjs.org/nan/-/nan-2.28.0.tgz",
      "integrity": "sha512-fTsDz99OTq2sVePhGdp4qQhggZFtKr64ZNVyVajRKtMOkJxYekplBh577PiJB12v/D3s2E5cGtOI45LWp6rnLQ==",
      "license": "MIT",
      "optional": true
    },
    "node_modules/playwright": {
      "version": "1.62.1",
      "resolved": "https://registry.npmjs.org/playwright/-/playwright-1.62.1.tgz",
      "integrity": "sha512-0M+L3LAD8/nm554LOla9Ayx0j0tmFZ0FBcoQ7F1VuVHpM/XpiC8RcDzBQB8W5+hA8L22THxELzeF+2WcUzvcLg==",
      "dev": true,
      "license": "Apache-2.0",
      "dependencies": {
        "playwright-core": "1.62.1"
      },
      "bin": {
        "playwright": "cli.js"
      },
      "engines": {
        "node": ">=20"
      },
      "optionalDependencies": {
        "fsevents": "2.3.2"
      }
    },
    "node_modules/playwright-core": {
      "version": "1.62.1",
      "resolved": "https://registry.npmjs.org/playwright-core/-/playwright-core-1.62.1.tgz",
      "integrity": "sha512-wPYSwEBJY9GHraISXqyqtx0na0LpO3XEX7jNDhntbex7tzUS7kLnZsOlFruFJB4Hi/rhDMjXGqHewDZ68nYZVw==",
      "dev": true,
      "license": "Apache-2.0",
      "bin": {
        "playwright-core": "cli.js"
      },
      "engines": {
        "node": ">=20"
      }
    },
    "node_modules/stream-buffers": {
      "version": "2.2.0",
      "resolved": "https://registry.npmjs.org/stream-buffers/-/stream-buffers-2.2.0.tgz",
      "integrity": "sha512-uyQK/mx5QjHun80FLJTfaWE7JtwfRMKBLkMne6udYOmvH0CawotVa7TfgYHzAnpphn4+TweIx1QKMnRIbipmUg==",
      "license": "Unlicense",
      "optional": true,
      "engines": {
        "node": ">= 0.10.0"
      }
    },
    "node_modules/tn1150": {
      "version": "0.1.0",
      "resolved": "https://registry.npmjs.org/tn1150/-/tn1150-0.1.0.tgz",
      "integrity": "sha512-DbplOfQFkqG5IHcDyyrs/lkvSr3mPUVsFf/RbDppOshs22yTPnSJWEe6FkYd1txAwU/zcnR905ar2fi4kwF29w==",
      "license": "MIT",
      "optional": true,
      "dependencies": {
        "unorm": "^1.4.1"
      },
      "engines": {
        "node": ">=0.12"
      }
    },
    "node_modules/unorm": {
      "version": "1.6.0",
      "resolved": "https://registry.npmjs.org/unorm/-/unorm-1.6.0.tgz",
      "integrity": "sha512-b2/KCUlYZUeA7JFUuRJZPUtr4gZvBh7tavtv4fvk4+KV9pfGiR6CQAQAWl49ZpR3ts2dk4FYkP7EIgDJoiOLDA==",
      "license": "MIT or GPL-2.0",
      "optional": true,
      "engines": {
        "node": ">= 0.4.0"
      }
    },
    "node_modules/ws": {
      "version": "8.21.1",
      "resolved": "https://registry.npmjs.org/ws/-/ws-8.21.1.tgz",
      "integrity": "sha512-+0NTnW77fFN/DjQi6k/Sq/Yvk4Sgajw7urW8V+asjXnRgDs9gyGkdb7EzgfhA4goXsRIZKE28fzIXBHEzhuiWw==",
      "license": "MIT",
      "engines": {
        "node": ">=10.0.0"
      },
      "peerDependencies": {
        "bufferutil": "^4.0.1",
        "utf-8-validate": ">=5.0.2"
      },
      "peerDependenciesMeta": {
        "bufferutil": {
          "optional": true
        },
        "utf-8-validate": {
          "optional": true
        }
      }
    }
  }
}
