lockfileVersion: '9.0'

settings:
  autoInstallPeers: true
  excludeLinksFromLockfile: false

importers:

  .:
    dependencies:
      node-addon-api:
        specifier: ^8.9.2
        version: 8.9.2
      ws:
        specifier: ^8.21.1
        version: 8.21.3
    optionalDependencies:
      ds-store:
        specifier: ^0.1.6
        version: 0.1.6
    devDependencies:
      electron:
        specifier: ^44.4.1
        version: 44.4.2
      playwright:
        specifier: ^1.62.1
        version: 1.63.0

packages:

  '@electron-internal/extract-zip@1.0.5':
    resolution: {integrity: sha512-+bqFCP98pLI0Tt0XQo1TmlXtwjWchISndDOxCkEcIuUgXWpBnLyRI+2DU+mesvnMMX6L1XDqYNA0lXNDHd/yiA==}
    engines: {node: '>=22.12.0'}

  '@electron/get@5.1.0':
    resolution: {integrity: sha512-3kSBtG8ObcTVfXanm5vVJ6UnBLEVmVsRk1M+vGqCuMBV+XLCbJYuWQful+yIy0GQDsSlK0kHEriEHn7SPk4EnA==}
    engines: {node: '>=22.12.0'}

  '@types/node@24.13.5':
    resolution: {integrity: sha512-TXyindR+lBr22aJIdMQzCFHPHR6cR4js838mRDCSz5hOKWZvZwsXSSiXDmjRj4iJmgl+sR9O+1mkoVBSMadNug==}

  bplist-creator@0.0.8:
    resolution: {integrity: sha512-Za9JKzD6fjLC16oX2wsXfc+qBEhJBJB1YPInoAQpMLhDuj5aVOv1baGeIQSq1Fr3OCqzvsoQcSBSwGId/Ja2PA==}

  debug@4.4.3:
    resolution: {integrity: sha512-RGwwWnwQvkVfavKVt22FGLw+xYSdzARwm0ru6DhTVA3umU5hZc28V3kO4stgYryrTlLpuvgI9GiijltAjNbcqA==}
    engines: {node: '>=6.0'}
    peerDependencies:
      supports-color: '*'
    peerDependenciesMeta:
      supports-color:
        optional: true

  ds-store@0.1.6:
    resolution: {integrity: sha512-kY21M6Lz+76OS3bnCzjdsJSF7LBpLYGCVfavW8TgQD2XkcqIZ86W0y9qUDZu6fp7SIZzqosMDW2zi7zVFfv4hw==}

  electron@44.4.2:
    resolution: {integrity: sha512-872t/+8M8TyribWm2cYpRwHY2aDlyDHOn+CHnhN9kHQStVW8pAijIhFolYA/qQyDdri28Xp8Mi3HEj5kFvajCw==}
    engines: {node: '>= 22.12.0'}
    hasBin: true

  env-paths@3.0.0:
    resolution: {integrity: sha512-dtJUTepzMW3Lm/NPxRf3wP4642UWhjL2sQxc+ym2YMj1m/H2zDNQOlezafzkHwn6sMstjHTwG6iQQsctDW/b1A==}
    engines: {node: ^12.20.0 || ^14.13.1 || >=16.0.0}

  graceful-fs@4.2.11:
    resolution: {integrity: sha512-RbJ5/jmFcNNCcDV5o9eTnBLJ/HszWV0P73bc+Ff4nS/rJj+YaS6IGyiOL0VoBYX+l1Wrl3k63h/KrH+nhJ0XvQ==}

  macos-alias@0.2.12:
    resolution: {integrity: sha512-yiLHa7cfJcGRFq4FrR4tMlpNHb4Vy4mWnpajlSSIFM5k4Lv8/7BbbDLzCAVogWNl0LlLhizRp1drXv0hK9h0Yw==}
    os: [darwin]

  ms@2.1.3:
    resolution: {integrity: sha512-6FlzubTLZG3J2a/NVCAleEhjzq5oxgHyaCU9yYXvcLsvoVaHJq/s5xXI6/XXP6tz7R9xAOtHnSO/tXtF3WRTlA==}

  nan@2.29.0:
    resolution: {integrity: sha512-GlGk3HIvitbvs+LT3g6XUP1kpirKNvmDFwF/bmo6XNWSb/eYEs/O4bfgIEIXCZ+lIOTS5xNwDvSGMw6FJdAhtA==}

  node-addon-api@8.9.2:
    resolution: {integrity: sha512-VijLXbi3UACN69I0JVXJsX4tjACjNoQDgv2gTF6sx2wWEi8tkSg2eX8p5gSIFi8z2+DL3oHmY6OyKce38SDolg==}
    engines: {node: ^18 || ^20 || >= 21}

  playwright-core@1.63.0:
    resolution: {integrity: sha512-rYCsBF/M5HjUch52bbtVONEFjv6Xu8sm8h72dNlR5bzIE1fvC/bxgspzkjSfU+MweEMmPM8KJebG6nnyxo5mCg==}
    engines: {node: '>=20'}
    hasBin: true

  playwright@1.63.0:
    resolution: {integrity: sha512-+7ziBLidS4NaNCdt57SUDT+wYmmd5fmiQejUic/kb+YsYSCPyOOE9sebzMjNmQrsnNpDJqd4WHvV/8lfKfUDUg==}
    engines: {node: '>=20'}
    hasBin: true

  progress@2.0.3:
    resolution: {integrity: sha512-7PiHtLll5LdnKIMw100I+8xJXR5gW2QwWYkT6iJva0bXitZKa/XMrSbdmg3r2Xnaidz9Qumd0VPaMrZlF9V9sA==}
    engines: {node: '>=0.4.0'}

  semver@7.8.5:
    resolution: {integrity: sha512-Y7/KDsb8LjooZpwaqGyulO6DQlksgCncchHGk+sZIY4SBvUocMBEFH5Ur1fI4dV+Jvl0w6cjvucaIi40puRioA==}
    engines: {node: '>=10'}
    hasBin: true

  stream-buffers@2.2.0:
    resolution: {integrity: sha512-uyQK/mx5QjHun80FLJTfaWE7JtwfRMKBLkMne6udYOmvH0CawotVa7TfgYHzAnpphn4+TweIx1QKMnRIbipmUg==}
    engines: {node: '>= 0.10.0'}

  sumchecker@3.0.1:
    resolution: {integrity: sha512-MvjXzkz/BOfyVDkG0oFOtBxHX2u3gKbMHIF/dXblZsgD3BWOFLmHovIpZY7BykJdAjcqRCBi1WYBNdEC9yI7vg==}
    engines: {node: '>= 8.0'}

  tn1150@0.1.0:
    resolution: {integrity: sha512-DbplOfQFkqG5IHcDyyrs/lkvSr3mPUVsFf/RbDppOshs22yTPnSJWEe6FkYd1txAwU/zcnR905ar2fi4kwF29w==}
    engines: {node: '>=0.12'}

  undici-types@7.18.2:
    resolution: {integrity: sha512-AsuCzffGHJybSaRrmr5eHr81mwJU3kjw6M+uprWvCXiNeN9SOGwQ3Jn8jb8m3Z6izVgknn1R0FTCEAP2QrLY/w==}

  undici@7.29.1:
    resolution: {integrity: sha512-RYONW2MeafgYlkVOKYKkA/Ag7BmXqgIWCa8t1m0JcxrQg9pI9lEqRhAOruOBCbAohOa/gkCF+iPi9hrgvTzu6Q==}
    engines: {node: '>=20.18.1'}

  unorm@1.6.0:
    resolution: {integrity: sha512-b2/KCUlYZUeA7JFUuRJZPUtr4gZvBh7tavtv4fvk4+KV9pfGiR6CQAQAWl49ZpR3ts2dk4FYkP7EIgDJoiOLDA==}
    engines: {node: '>= 0.4.0'}

  ws@8.21.3:
    resolution: {integrity: sha512-201TZ/kPWxoPr/OKWjquZR1SWKXcvxdH+e1xrx89b3YbmzLMFCLfnaG1HFIgWzJOEWZ7MvpK++odZufgYR50Rw==}
    engines: {node: '>=10.0.0'}
    peerDependencies:
      bufferutil: ^4.0.1
      utf-8-validate: '>=5.0.2'
    peerDependenciesMeta:
      bufferutil:
        optional: true
      utf-8-validate:
        optional: true

snapshots:

  '@electron-internal/extract-zip@1.0.5': {}

  '@electron/get@5.1.0':
    dependencies:
      debug: 4.4.3
      env-paths: 3.0.0
      graceful-fs: 4.2.11
      progress: 2.0.3
      semver: 7.8.5
      sumchecker: 3.0.1
    optionalDependencies:
      undici: 7.29.1
    transitivePeerDependencies:
      - supports-color

  '@types/node@24.13.5':
    dependencies:
      undici-types: 7.18.2

  bplist-creator@0.0.8:
    dependencies:
      stream-buffers: 2.2.0
    optional: true

  debug@4.4.3:
    dependencies:
      ms: 2.1.3

  ds-store@0.1.6:
    dependencies:
      bplist-creator: 0.0.8
      macos-alias: 0.2.12
      tn1150: 0.1.0
    optional: true

  electron@44.4.2:
    dependencies:
      '@electron-internal/extract-zip': 1.0.5
      '@electron/get': 5.1.0
      '@types/node': 24.13.5
    transitivePeerDependencies:
      - supports-color

  env-paths@3.0.0: {}

  graceful-fs@4.2.11: {}

  macos-alias@0.2.12:
    dependencies:
      nan: 2.29.0
    optional: true

  ms@2.1.3: {}

  nan@2.29.0:
    optional: true

  node-addon-api@8.9.2: {}

  playwright-core@1.63.0: {}

  playwright@1.63.0:
    dependencies:
      playwright-core: 1.63.0

  progress@2.0.3: {}

  semver@7.8.5: {}

  stream-buffers@2.2.0:
    optional: true

  sumchecker@3.0.1:
    dependencies:
      debug: 4.4.3
    transitivePeerDependencies:
      - supports-color

  tn1150@0.1.0:
    dependencies:
      unorm: 1.6.0
    optional: true

  undici-types@7.18.2: {}

  undici@7.29.1:
    optional: true

  unorm@1.6.0:
    optional: true

  ws@8.21.3: {}
